// !$*UTF8*$!
{
	archiveVersion = 1;
	classes = {
	};
	objectVersion = 77;
	objects = {

/* Begin PBXContainerItemProxy section */
		DAADC8C82DF2F1BB00783891 /* PBXContainerItemProxy */ = {
			isa = PBXContainerItemProxy;
			containerPortal = DAADC8B22DF2F1B800783891 /* Project object */;
			proxyType = 1;
			remoteGlobalIDString = DAADC8B92DF2F1B800783891;
			remoteInfo = AethelJournal;
		};
		DAADC8D22DF2F1BB00783891 /* PBXContainerItemProxy */ = {
			isa = PBXContainerItemProxy;
			containerPortal = DAADC8B22DF2F1B800783891 /* Project object */;
			proxyType = 1;
			remoteGlobalIDString = DAADC8B92DF2F1B800783891;
			remoteInfo = AethelJournal;
		};
/* End PBXContainerItemProxy section */

/* Begin PBXFileReference section */
		DAADC8BA2DF2F1B800783891 /* AethelJournal.app */ = {isa = PBXFileReference; explicitFileType = wrapper.application; includeInIndex = 0; path = AethelJournal.app; sourceTree = BUILT_PRODUCTS_DIR; };
		DAADC8C72DF2F1BB00783891 /* AethelJournalTests.xctest */ = {isa = PBXFileReference; explicitFileType = wrapper.cfbundle; includeInIndex = 0; path = AethelJournalTests.xctest; sourceTree = BUILT_PRODUCTS_DIR; };
		DAADC8D12DF2F1BB00783891 /* AethelJournalUITests.xctest */ = {isa = PBXFileReference; explicitFileType = wrapper.cfbundle; includeInIndex = 0; path = AethelJournalUITests.xctest; sourceTree = BUILT_PRODUCTS_DIR; };
/* End PBXFileReference section */

/* Begin PBXFileSystemSynchronizedRootGroup section */
		DAADC8BC2DF2F1B800783891 /* AethelJournal */ = {
			isa = PBXFileSystemSynchronizedRootGroup;
			path = AethelJournal;
			sourceTree = "<group>";
		};
		DAADC8CA2DF2F1BB00783891 /* AethelJournalTests */ = {
			isa = PBXFileSystemSynchronizedRootGroup;
			path = AethelJournalTests;
			sourceTree = "<group>";
		};
		DAADC8D42DF2F1BB00783891 /* AethelJournalUITests */ = {
			isa = PBXFileSystemSynchronizedRootGroup;
			path = AethelJournalUITests;
			sourceTree = "<group>";
		};
/* End PBXFileSystemSynchronizedRootGroup section */

/* Begin PBXFrameworksBuildPhase section */
		DAADC8B72DF2F1B800783891 /* Frameworks */ = {
			isa = PBXFrameworksBuildPhase;
			buildActionMask = 2147483647;
			files = (
			);
			runOnlyForDeploymentPostprocessing = 0;
		};
		DAADC8C42DF2F1BB00783891 /* Frameworks */ = {
			isa = PBXFrameworksBuildPhase;
			buildActionMask = 2147483647;
			files = (
			);
			runOnlyForDeploymentPostprocessing = 0;
		};
		DAADC8CE2DF2F1BB00783891 /* Frameworks */ = {
			isa = PBXFrameworksBuildPhase;
			buildActionMask = 2147483647;
			files = (
			);
			runOnlyForDeploymentPostprocessing = 0;
		};
/* End PBXFrameworksBuildPhase section */

/* Begin PBXGroup section */
		DAADC8B12DF2F1B800783891 = {
			isa = PBXGroup;
			children = (
				DAADC8BC2DF2F1B800783891 /* AethelJournal */,
				DAADC8CA2DF2F1BB00783891 /* AethelJournalTests */,
				DAADC8D42DF2F1BB00783891 /* AethelJournalUITests */,
				DAADC8BB2DF2F1B800783891 /* Products */,
			);
			sourceTree = "<group>";
		};
		DAADC8BB2DF2F1B800783891 /* Products */ = {
			isa = PBXGroup;
			children = (
				DAADC8BA2DF2F1B800783891 /* AethelJournal.app */,
				DAADC8C72DF2F1BB00783891 /* AethelJournalTests.xctest */,
				DAADC8D12DF2F1BB00783891 /* AethelJournalUITests.xctest */,
			);
			name = Products;
			sourceTree = "<group>";
		};
/* End PBXGroup section */

/* Begin PBXNativeTarget section */
		DAADC8B92DF2F1B800783891 /* AethelJournal */ = {
			isa = PBXNativeTarget;
			buildConfigurationList = DAADC8DB2DF2F1BB00783891 /* Build configuration list for PBXNativeTarget "AethelJournal" */;
			buildPhases = (
				DAADC8B62DF2F1B800783891 /* Sources */,
				DAADC8B72DF2F1B800783891 /* Frameworks */,
				DAADC8B82DF2F1B800783891 /* Resources */,
			);
			buildRules = (
			);
			dependencies = (
			);
			fileSystemSynchronizedGroups = (
				DAADC8BC2DF2F1B800783891 /* AethelJournal */,
			);
			name = AethelJournal;
			packageProductDependencies = (
			);
			productName = AethelJournal;
			productReference = DAADC8BA2DF2F1B800783891 /* AethelJournal.app */;
			productType = "com.apple.product-type.application";
		};
		DAADC8C62DF2F1BB00783891 /* AethelJournalTests */ = {
			isa = PBXNativeTarget;
			buildConfigurationList = DAADC8DE2DF2F1BB00783891 /* Build configuration list for PBXNativeTarget "AethelJournalTests" */;
			buildPhases = (
				DAADC8C32DF2F1BB00783891 /* Sources */,
				DAADC8C42DF2F1BB00783891 /* Frameworks */,
				DAADC8C52DF2F1BB00783891 /* Resources */,
			);
			buildRules = (
			);
			dependencies = (
				DAADC8C92DF2F1BB00783891 /* PBXTargetDependency */,
			);
			fileSystemSynchronizedGroups = (
				DAADC8CA2DF2F1BB00783891 /* AethelJournalTests */,
			);
			name = AethelJournalTests;
			packageProductDependencies = (
			);
			productName = AethelJournalTests;
			productReference = DAADC8C72DF2F1BB00783891 /* AethelJournalTests.xctest */;
			productType = "com.apple.product-type.bundle.unit-test";
		};
		DAADC8D02DF2F1BB00783891 /* AethelJournalUITests */ = {
			isa = PBXNativeTarget;
			buildConfigurationList = DAADC8E12DF2F1BB00783891 /* Build configuration list for PBXNativeTarget "AethelJournalUITests" */;
			buildPhases = (
				DAADC8CD2DF2F1BB00783891 /* Sources */,
				DAADC8CE2DF2F1BB00783891 /* Frameworks */,
				DAADC8CF2DF2F1BB00783891 /* Resources */,
			);
			buildRules = (
			);
			dependencies = (
				DAADC8D32DF2F1BB00783891 /* PBXTargetDependency */,
			);
			fileSystemSynchronizedGroups = (
				DAADC8D42DF2F1BB00783891 /* AethelJournalUITests */,
			);
			name = AethelJournalUITests;
			packageProductDependencies = (
			);
			productName = AethelJournalUITests;
			productReference = DAADC8D12DF2F1BB00783891 /* AethelJournalUITests.xctest */;
			productType = "com.apple.product-type.bundle.ui-testing";
		};
/* End PBXNativeTarget section */

/* Begin PBXProject section */
		DAADC8B22DF2F1B800783891 /* Project object */ = {
			isa = PBXProject;
			attributes = {
				BuildIndependentTargetsInParallel = 1;
				LastSwiftUpdateCheck = 1630;
				LastUpgradeCheck = 1630;
				TargetAttributes = {
					DAADC8B92DF2F1B800783891 = {
						CreatedOnToolsVersion = 16.3;
					};
					DAADC8C62DF2F1BB00783891 = {
						CreatedOnToolsVersion = 16.3;
						TestTargetID = DAADC8B92DF2F1B800783891;
					};
					DAADC8D02DF2F1BB00783891 = {
						CreatedOnToolsVersion = 16.3;
						TestTargetID = DAADC8B92DF2F1B800783891;
					};
				};
			};
			buildConfigurationList = DAADC8B52DF2F1B800783891 /* Build configuration list for PBXProject "AethelJournal" */;
			developmentRegion = en;
			hasScannedForEncodings = 0;
			knownRegions = (
				en,
				Base,
			);
			mainGroup = DAADC8B12DF2F1B800783891;
			minimizedProjectReferenceProxies = 1;
			preferredProjectObjectVersion = 77;
			productRefGroup = DAADC8BB2DF2F1B800783891 /* Products */;
			projectDirPath = "";
			projectRoot = "";
			targets = (
				DAADC8B92DF2F1B800783891 /* AethelJournal */,
				DAADC8C62DF2F1BB00783891 /* AethelJournalTests */,
				DAADC8D02DF2F1BB00783891 /* AethelJournalUITests */,
			);
		};
/* End PBXProject section */

/* Begin PBXResourcesBuildPhase section */
		DAADC8B82DF2F1B800783891 /* Resources */ = {
			isa = PBXResourcesBuildPhase;
			buildActionMask = 2147483647;
			files = (
			);
			runOnlyForDeploymentPostprocessing = 0;
		};
		DAADC8C52DF2F1BB00783891 /* Resources */ = {
			isa = PBXResourcesBuildPhase;
			buildActionMask = 2147483647;
			files = (
			);
			runOnlyForDeploymentPostprocessing = 0;
		};
		DAADC8CF2DF2F1BB00783891 /* Resources */ = {
			isa = PBXResourcesBuildPhase;
			buildActionMask = 2147483647;
			files = (
			);
			runOnlyForDeploymentPostprocessing = 0;
		};
/* End PBXResourcesBuildPhase section */

/* Begin PBXSourcesBuildPhase section */
		DAADC8B62DF2F1B800783891 /* Sources */ = {
			isa = PBXSourcesBuildPhase;
			buildActionMask = 2147483647;
			files = (
			);
			runOnlyForDeploymentPostprocessing = 0;
		};
		DAADC8C32DF2F1BB00783891 /* Sources */ = {
			isa = PBXSourcesBuildPhase;
			buildActionMask = 2147483647;
			files = (
			);
			runOnlyForDeploymentPostprocessing = 0;
		};
		DAADC8CD2DF2F1BB00783891 /* Sources */ = {
			isa = PBXSourcesBuildPhase;
			buildActionMask = 2147483647;
			files = (
			);
			runOnlyForDeploymentPostprocessing = 0;
		};
/* End PBXSourcesBuildPhase section */

/* Begin PBXTargetDependency section */
		DAADC8C92DF2F1BB00783891 /* PBXTargetDependency */ = {
			isa = PBXTargetDependency;
			target = DAADC8B92DF2F1B800783891 /* AethelJournal */;
			targetProxy = DAADC8C82DF2F1BB00783891 /* PBXContainerItemProxy */;
		};
		DAADC8D32DF2F1BB00783891 /* PBXTargetDependency */ = {
			isa = PBXTargetDependency;
			target = DAADC8B92DF2F1B800783891 /* AethelJournal */;
			targetProxy = DAADC8D22DF2F1BB00783891 /* PBXContainerItemProxy */;
		};
/* End PBXTargetDependency section */

/* Begin XCBuildConfiguration section */
		DAADC8D92DF2F1BB00783891 /* Debug */ = {
			isa = XCBuildConfiguration;
			buildSettings = {
				ALWAYS_SEARCH_USER_PATHS = NO;
				ASSETCATALOG_COMPILER_GENERATE_SWIFT_ASSET_SYMBOL_EXTENSIONS = YES;
				CLANG_ANALYZER_NONNULL = YES;
				CLANG_ANALYZER_NUMBER_OBJECT_CONVERSION = YES_AGGRESSIVE;
				CLANG_CXX_LANGUAGE_STANDARD = "gnu++20";
				CLANG_ENABLE_MODULES = YES;
				CLANG_ENABLE_OBJC_ARC = YES;
				CLANG_ENABLE_OBJC_WEAK = YES;
				CLANG_WARN_BLOCK_CAPTURE_AUTORELEASING = YES;
				CLANG_WARN_BOOL_CONVERSION = YES;
				CLANG_WARN_COMMA = YES;
				CLANG_WARN_CONSTANT_CONVERSION = YES;
				CLANG_WARN_DEPRECATED_OBJC_IMPLEMENTATIONS = YES;
				CLANG_WARN_DIRECT_OBJC_ISA_USAGE = YES_ERROR;
				CLANG_WARN_DOCUMENTATION_COMMENTS = YES;
				CLANG_WARN_EMPTY_BODY = YES;
				CLANG_WARN_ENUM_CONVERSION = YES;
				CLANG_WARN_INFINITE_RECURSION = YES;
				CLANG_WARN_INT_CONVERSION = YES;
				CLANG_WARN_NON_LITERAL_NULL_CONVERSION = YES;
				CLANG_WARN_OBJC_IMPLICIT_RETAIN_SELF = YES;
				CLANG_WARN_OBJC_LITERAL_CONVERSION = YES;
				CLANG_WARN_OBJC_ROOT_CLASS = YES_ERROR;
				CLANG_WARN_QUOTED_INCLUDE_IN_FRAMEWORK_HEADER = YES;
				CLANG_WARN_RANGE_LOOP_ANALYSIS = YES;
				CLANG_WARN_STRICT_PROTOTYPES = YES;
				CLANG_WARN_SUSPICIOUS_MOVE = YES;
				CLANG_WARN_UNGUARDED_AVAILABILITY = YES_AGGRESSIVE;
				CLANG_WARN_UNREACHABLE_CODE = YES;
				CLANG_WARN__DUPLICATE_METHOD_MATCH = YES;
				COPY_PHASE_STRIP = NO;
				DEBUG_INFORMATION_FORMAT = dwarf;
				DEVELOPMENT_TEAM = UG9HQBMN27;
				ENABLE_STRICT_OBJC_MSGSEND = YES;
				ENABLE_TESTABILITY = YES;
				ENABLE_USER_SCRIPT_SANDBOXING = YES;
				GCC_C_LANGUAGE_STANDARD = gnu17;
				GCC_DYNAMIC_NO_PIC = NO;
				GCC_NO_COMMON_BLOCKS = YES;
				GCC_OPTIMIZATION_LEVEL = 0;
				GCC_PREPROCESSOR_DEFINITIONS = (
					"DEBUG=1",
					"$(inherited)",
				);
				GCC_WARN_64_TO_32_BIT_CONVERSION = YES;
				GCC_WARN_ABOUT_RETURN_TYPE = YES_ERROR;
				GCC_WARN_UNDECLARED_SELECTOR = YES;
				GCC_WARN_UNINITIALIZED_AUTOS = YES_AGGRESSIVE;
				GCC_WARN_UNUSED_FUNCTION = YES;
				GCC_WARN_UNUSED_VARIABLE = YES;
				IPHONEOS_DEPLOYMENT_TARGET = 18.4;
				LOCALIZATION_PREFERS_STRING_CATALOGS = YES;
				MTL_ENABLE_DEBUG_INFO = INCLUDE_SOURCE;
				MTL_FAST_MATH = YES;
				ONLY_ACTIVE_ARCH = YES;
				SDKROOT = iphoneos;
				SWIFT_ACTIVE_COMPILATION_CONDITIONS = "DEBUG $(inherited)";
				SWIFT_OPTIMIZATION_LEVEL = "-Onone";
			};
			name = Debug;
		};
		DAADC8DA2DF2F1BB00783891 /* Release */ = {
			isa = XCBuildConfiguration;
			buildSettings = {
				ALWAYS_SEARCH_USER_PATHS = NO;
				ASSETCATALOG_COMPILER_GENERATE_SWIFT_ASSET_SYMBOL_EXTENSIONS = YES;
				CLANG_ANALYZER_NONNULL = YES;
				CLANG_ANALYZER_NUMBER_OBJECT_CONVERSION = YES_AGGRESSIVE;
				CLANG_CXX_LANGUAGE_STANDARD = "gnu++20";
				CLANG_ENABLE_MODULES = YES;
				CLANG_ENABLE_OBJC_ARC = YES;
				CLANG_ENABLE_OBJC_WEAK = YES;
				CLANG_WARN_BLOCK_CAPTURE_AUTORELEASING = YES;
				CLANG_WARN_BOOL_CONVERSION = YES;
				CLANG_WARN_COMMA = YES;
				CLANG_WARN_CONSTANT_CONVERSION = YES;
				CLANG_WARN_DEPRECATED_OBJC_IMPLEMENTATIONS = YES;
				CLANG_WARN_DIRECT_OBJC_ISA_USAGE = YES_ERROR;
				CLANG_WARN_DOCUMENTATION_COMMENTS = YES;
				CLANG_WARN_EMPTY_BODY = YES;
				CLANG_WARN_ENUM_CONVERSION = YES;
				CLANG_WARN_INFINITE_RECURSION = YES;
				CLANG_WARN_INT_CONVERSION = YES;
				CLANG_WARN_NON_LITERAL_NULL_CONVERSION = YES;
				CLANG_WARN_OBJC_IMPLICIT_RETAIN_SELF = YES;
				CLANG_WARN_OBJC_LITERAL_CONVERSION = YES;
				CLANG_WARN_OBJC_ROOT_CLASS = YES_ERROR;
				CLANG_WARN_QUOTED_INCLUDE_IN_FRAMEWORK_HEADER = YES;
				CLANG_WARN_RANGE_LOOP_ANALYSIS = YES;
				CLANG_WARN_STRICT_PROTOTYPES = YES;
				CLANG_WARN_SUSPICIOUS_MOVE = YES;
				CLANG_WARN_UNGUARDED_AVAILABILITY = YES_AGGRESSIVE;
				CLANG_WARN_UNREACHABLE_CODE = YES;
				CLANG_WARN__DUPLICATE_METHOD_MATCH = YES;
				COPY_PHASE_STRIP = NO;
				DEBUG_INFORMATION_FORMAT = "dwarf-with-dsym";
				DEVELOPMENT_TEAM = UG9HQBMN27;
				ENABLE_NS_ASSERTIONS = NO;
				ENABLE_STRICT_OBJC_MSGSEND = YES;
				ENABLE_USER_SCRIPT_SANDBOXING = YES;
				GCC_C_LANGUAGE_STANDARD = gnu17;
				GCC_NO_COMMON_BLOCKS = YES;
				GCC_WARN_64_TO_32_BIT_CONVERSION = YES;
				GCC_WARN_ABOUT_RETURN_TYPE = YES_ERROR;
				GCC_WARN_UNDECLARED_SELECTOR = YES;
				GCC_WARN_UNINITIALIZED_AUTOS = YES_AGGRESSIVE;
				GCC_WARN_UNUSED_FUNCTION = YES;
				GCC_WARN_UNUSED_VARIABLE = YES;
				IPHONEOS_DEPLOYMENT_TARGET = 18.4;
				LOCALIZATION_PREFERS_STRING_CATALOGS = YES;
				MTL_ENABLE_DEBUG_INFO = NO;
				MTL_FAST_MATH = YES;
				SDKROOT = iphoneos;
				SWIFT_COMPILATION_MODE = wholemodule;
				VALIDATE_PRODUCT = YES;
			};
			name = Release;
		};
		DAADC8DC2DF2F1BB00783891 /* Debug */ = {
			isa = XCBuildConfiguration;
			buildSettings = {
				ASSETCATALOG_COMPILER_APPICON_NAME = AppIcon;
				ASSETCATALOG_COMPILER_GLOBAL_ACCENT_COLOR_NAME = AccentColor;
				CODE_SIGN_STYLE = Automatic;
				CURRENT_PROJECT_VERSION = 1;
				DEVELOPMENT_TEAM = UG9HQBMN27;
				ENABLE_PREVIEWS = YES;
				GENERATE_INFOPLIST_FILE = YES;
				INFOPLIST_KEY_UIApplicationSceneManifest_Generation = YES;
				INFOPLIST_KEY_UIApplicationSupportsIndirectInputEvents = YES;
				INFOPLIST_KEY_UILaunchScreen_Generation = YES;
				INFOPLIST_KEY_UISupportedInterfaceOrientations_iPad = "UIInterfaceOrientationPortrait UIInterfaceOrientationPortraitUpsideDown UIInterfaceOrientationLandscapeLeft UIInterfaceOrientationLandscapeRight";
				INFOPLIST_KEY_UISupportedInterfaceOrientations_iPhone = "UIInterfaceOrientationPortrait UIInterfaceOrientationLandscapeLeft UIInterfaceOrientationLandscapeRight";
				LD_RUNPATH_SEARCH_PATHS = (
					"$(inherited)",
					"@executable_path/Frameworks",
				);
				MARKETING_VERSION = 1.0;
				PRODUCT_BUNDLE_IDENTIFIER = Mayank.AethelJournal;
				PRODUCT_NAME = "$(TARGET_NAME)";
				SWIFT_EMIT_LOC_STRINGS = YES;
				SWIFT_VERSION = 5.0;
				TARGETED_DEVICE_FAMILY = "1,2";
			};
			name = Debug;
		};
		DAADC8DD2DF2F1BB00783891 /* Release */ = {
			isa = XCBuildConfiguration;
			buildSettings = {
				ASSETCATALOG_COMPILER_APPICON_NAME = AppIcon;
				ASSETCATALOG_COMPILER_GLOBAL_ACCENT_COLOR_NAME = AccentColor;
				CODE_SIGN_STYLE = Automatic;
				CURRENT_PROJECT_VERSION = 1;
				DEVELOPMENT_TEAM = UG9HQBMN27;
				ENABLE_PREVIEWS = YES;
				GENERATE_INFOPLIST_FILE = YES;
				INFOPLIST_KEY_UIApplicationSceneManifest_Generation = YES;
				INFOPLIST_KEY_UIApplicationSupportsIndirectInputEvents = YES;
				INFOPLIST_KEY_UILaunchScreen_Generation = YES;
				INFOPLIST_KEY_UISupportedInterfaceOrientations_iPad = "UIInterfaceOrientationPortrait UIInterfaceOrientationPortraitUpsideDown UIInterfaceOrientationLandscapeLeft UIInterfaceOrientationLandscapeRight";
				INFOPLIST_KEY_UISupportedInterfaceOrientations_iPhone = "UIInterfaceOrientationPortrait UIInterfaceOrientationLandscapeLeft UIInterfaceOrientationLandscapeRight";
				LD_RUNPATH_SEARCH_PATHS = (
					"$(inherited)",
					"@executable_path/Frameworks",
				);
				MARKETING_VERSION = 1.0;
				PRODUCT_BUNDLE_IDENTIFIER = Mayank.AethelJournal;
				PRODUCT_NAME = "$(TARGET_NAME)";
				SWIFT_EMIT_LOC_STRINGS = YES;
				SWIFT_VERSION = 5.0;
				TARGETED_DEVICE_FAMILY = "1,2";
			};
			name = Release;
		};
		DAADC8DF2DF2F1BB00783891 /* Debug */ = {
			isa = XCBuildConfiguration;
			buildSettings = {
				BUNDLE_LOADER = "$(TEST_HOST)";
				CODE_SIGN_STYLE = Automatic;
				CURRENT_PROJECT_VERSION = 1;
				DEVELOPMENT_TEAM = UG9HQBMN27;
				GENERATE_INFOPLIST_FILE = YES;
				IPHONEOS_DEPLOYMENT_TARGET = 18.4;
				MARKETING_VERSION = 1.0;
				PRODUCT_BUNDLE_IDENTIFIER = Mayank.AethelJournalTests;
				PRODUCT_NAME = "$(TARGET_NAME)";
				SWIFT_EMIT_LOC_STRINGS = NO;
				SWIFT_VERSION = 5.0;
				TARGETED_DEVICE_FAMILY = "1,2";
				TEST_HOST = "$(BUILT_PRODUCTS_DIR)/AethelJournal.app/$(BUNDLE_EXECUTABLE_FOLDER_PATH)/AethelJournal";
			};
			name = Debug;
		};
		DAADC8E02DF2F1BB00783891 /* Release */ = {
			isa = XCBuildConfiguration;
			buildSettings = {
				BUNDLE_LOADER = "$(TEST_HOST)";
				CODE_SIGN_STYLE = Automatic;
				CURRENT_PROJECT_VERSION = 1;
				DEVELOPMENT_TEAM = UG9HQBMN27;
				GENERATE_INFOPLIST_FILE = YES;
				IPHONEOS_DEPLOYMENT_TARGET = 18.4;
				MARKETING_VERSION = 1.0;
				PRODUCT_BUNDLE_IDENTIFIER = Mayank.AethelJournalTests;
				PRODUCT_NAME = "$(TARGET_NAME)";
				SWIFT_EMIT_LOC_STRINGS = NO;
				SWIFT_VERSION = 5.0;
				TARGETED_DEVICE_FAMILY = "1,2";
				TEST_HOST = "$(BUILT_PRODUCTS_DIR)/AethelJournal.app/$(BUNDLE_EXECUTABLE_FOLDER_PATH)/AethelJournal";
			};
			name = Release;
		};
		DAADC8E22DF2F1BB00783891 /* Debug */ = {
			isa = XCBuildConfiguration;
			buildSettings = {
				CODE_SIGN_STYLE = Automatic;
				CURRENT_PROJECT_VERSION = 1;
				DEVELOPMENT_TEAM = UG9HQBMN27;
				GENERATE_INFOPLIST_FILE = YES;
				MARKETING_VERSION = 1.0;
				PRODUCT_BUNDLE_IDENTIFIER = Mayank.AethelJournalUITests;
				PRODUCT_NAME = "$(TARGET_NAME)";
				SWIFT_EMIT_LOC_STRINGS = NO;
				SWIFT_VERSION = 5.0;
				TARGETED_DEVICE_FAMILY = "1,2";
				TEST_TARGET_NAME = AethelJournal;
			};
			name = Debug;
		};
		DAADC8E32DF2F1BB00783891 /* Release */ = {
			isa = XCBuildConfiguration;
			buildSettings = {
				CODE_SIGN_STYLE = Automatic;
				CURRENT_PROJECT_VERSION = 1;
				DEVELOPMENT_TEAM = UG9HQBMN27;
				GENERATE_INFOPLIST_FILE = YES;
				MARKETING_VERSION = 1.0;
				PRODUCT_BUNDLE_IDENTIFIER = Mayank.AethelJournalUITests;
				PRODUCT_NAME = "$(TARGET_NAME)";
				SWIFT_EMIT_LOC_STRINGS = NO;
				SWIFT_VERSION = 5.0;
				TARGETED_DEVICE_FAMILY = "1,2";
				TEST_TARGET_NAME = AethelJournal;
			};
			name = Release;
		};
/* End XCBuildConfiguration section */

/* Begin XCConfigurationList section */
		DAADC8B52DF2F1B800783891 /* Build configuration list for PBXProject "AethelJournal" */ = {
			isa = XCConfigurationList;
			buildConfigurations = (
				DAADC8D92DF2F1BB00783891 /* Debug */,
				DAADC8DA2DF2F1BB00783891 /* Release */,
			);
			defaultConfigurationIsVisible = 0;
			defaultConfigurationName = Release;
		};
		DAADC8DB2DF2F1BB00783891 /* Build configuration list for PBXNativeTarget "AethelJournal" */ = {
			isa = XCConfigurationList;
			buildConfigurations = (
				DAADC8DC2DF2F1BB00783891 /* Debug */,
				DAADC8DD2DF2F1BB00783891 /* Release */,
			);
			defaultConfigurationIsVisible = 0;
			defaultConfigurationName = Release;
		};
		DAADC8DE2DF2F1BB00783891 /* Build configuration list for PBXNativeTarget "AethelJournalTests" */ = {
			isa = XCConfigurationList;
			buildConfigurations = (
				DAADC8DF2DF2F1BB00783891 /* Debug */,
				DAADC8E02DF2F1BB00783891 /* Release */,
			);
			defaultConfigurationIsVisible = 0;
			defaultConfigurationName = Release;
		};
		DAADC8E12DF2F1BB00783891 /* Build configuration list for PBXNativeTarget "AethelJournalUITests" */ = {
			isa = XCConfigurationList;
			buildConfigurations = (
				DAADC8E22DF2F1BB00783891 /* Debug */,
				DAADC8E32DF2F1BB00783891 /* Release */,
			);
			defaultConfigurationIsVisible = 0;
			defaultConfigurationName = Release;
		};
/* End XCConfigurationList section */
	};
	rootObject = DAADC8B22DF2F1B800783891 /* Project object */;
}
